
Microsoft Visual Studio Solution File, Format Version 12.00
# Visual Studio Version 16
VisualStudioVersion = 16.0.33801.447
MinimumVisualStudioVersion = 10.0.40219.1
Project("{9A19103F-16F7-4668-BE54-9A1E7A4F7556}") = "StripeAPITest", "StripeAPITest\StripeAPITest.csproj", "{3757EDF7-BCAC-4424-9B4F-C39364900D84}"
EndProject
Global
	GlobalSection(SolutionConfigurationPlatforms) = preSolution
		Debug|Any CPU = Debug|Any CPU
		Release|Any CPU = Release|Any CPU
	EndGlobalSection
	GlobalSection(ProjectConfigurationPlatforms) = postSolution
		{3757EDF7-BCAC-4424-9B4F-C39364900D84}.Debug|Any CPU.ActiveCfg = Debug|Any CPU
		{3757EDF7-BCAC-4424-9B4F-C39364900D84}.Debug|Any CPU.Build.0 = Debug|Any CPU
		{3757EDF7-BCAC-4424-9B4F-C39364900D84}.Release|Any CPU.ActiveCfg = Release|Any CPU
		{3757EDF7-BCAC-4424-9B4F-C39364900D84}.Release|Any CPU.Build.0 = Release|Any CPU
	EndGlobalSection
	GlobalSection(SolutionProperties) = preSolution
		HideSolutionNode = FALSE
	EndGlobalSection
	GlobalSection(ExtensibilityGlobals) = postSolution
		SolutionGuid = {F6E32EED-E73B-4FE4-924D-CCE0AB4AE465}
	EndGlobalSection
EndGlobal
